# This file is automatically @generated by Cargo.
# It is not intended for manual editing.
version = 3

[[package]]
name = "bindings"
version = "0.1.0"
dependencies = [
 "windows-bindgen",
]

[[package]]
name = "windows-bindgen"
version = "0.43.0"
source = "registry+https://github.com/rust-lang/crates.io-index"
checksum = "27a53bbcdeded4e690dbfba77bccc4fe2a6d896ec8191254fc739e1ce49e5925"
dependencies = [
 "windows-metadata",
 "windows-tokens",
]

[[package]]
name = "windows-metadata"
version = "0.43.0"
source = "registry+https://github.com/rust-lang/crates.io-index"
checksum = "d78850a4a8852ba8593fd006dfa22a042f96b9d48f963c556fc494ddb9ee6a18"

[[package]]
name = "windows-tokens"
version = "0.42.0"
source = "registry+https://github.com/rust-lang/crates.io-index"
checksum = "63933cde113d4e17e105129217d6fcd1f520bcdc615f3d480263504c4b804316"
