# This file is automatically @generated by Cargo.
# It is not intended for manual editing.
[[package]]
name = "bindings"
version = "0.1.0"
dependencies = [
 "winrt",
]

[[package]]
name = "itoa"
version = "0.4.6"
source = "registry+https://github.com/rust-lang/crates.io-index"
checksum = "dc6f3ad7b9d11a0c00842ff8de1b60ee58661048eb8049ed33c73594f359d7e6"

[[package]]
name = "proc-macro2"
version = "1.0.18"
source = "registry+https://github.com/rust-lang/crates.io-index"
checksum = "beae6331a816b1f65d04c45b078fd8e6c93e8071771f41b8163255bbd8d7c8fa"
dependencies = [
 "unicode-xid",
]

[[package]]
name = "quote"
version = "1.0.7"
source = "registry+https://github.com/rust-lang/crates.io-index"
checksum = "aa563d17ecb180e500da1cfd2b028310ac758de548efdd203e18f283af693f37"
dependencies = [
 "proc-macro2",
]

[[package]]
name = "ryu"
version = "1.0.5"
source = "registry+https://github.com/rust-lang/crates.io-index"
checksum = "71d301d4193d031abdd79ff7e3dd721168a9572ef3fe51a1517aba235bd8f86e"

[[package]]
name = "serde"
version = "1.0.114"
source = "registry+https://github.com/rust-lang/crates.io-index"
checksum = "5317f7588f0a5078ee60ef675ef96735a1442132dc645eb1d12c018620ed8cd3"

[[package]]
name = "serde_json"
version = "1.0.55"
source = "registry+https://github.com/rust-lang/crates.io-index"
checksum = "ec2c5d7e739bc07a3e73381a39d61fdb5f671c60c1df26a130690665803d8226"
dependencies = [
 "itoa",
 "ryu",
 "serde",
]

[[package]]
name = "sha1"
version = "0.6.0"
source = "registry+https://github.com/rust-lang/crates.io-index"
checksum = "2579985fda508104f7587689507983eadd6a6e84dd35d6d115361f530916fa0d"

[[package]]
name = "syn"
version = "1.0.33"
source = "registry+https://github.com/rust-lang/crates.io-index"
checksum = "e8d5d96e8cbb005d6959f119f773bfaebb5684296108fb32600c00cde305b2cd"
dependencies = [
 "proc-macro2",
 "quote",
 "unicode-xid",
]

[[package]]
name = "unicode-xid"
version = "0.2.0"
source = "registry+https://github.com/rust-lang/crates.io-index"
checksum = "826e7639553986605ec5979c7dd957c7895e93eabed50ab2ffa7f6128a75097c"

[[package]]
name = "winrt"
version = "0.7.0"
source = "registry+https://github.com/rust-lang/crates.io-index"
checksum = "6e7a6707aad48277a3f68e7de09191c03e06184a01b50ebffd000002ee0fbb27"
dependencies = [
 "sha1",
 "winrt_macros",
]

[[package]]
name = "winrt_gen"
version = "0.7.0"
source = "registry+https://github.com/rust-lang/crates.io-index"
checksum = "77a3dda4a993af82fb6f639b18568340c1a95160a6dd9dc0f9ff2263a2577a89"
dependencies = [
 "proc-macro2",
 "quote",
 "serde_json",
 "sha1",
 "winrt_gen_macros",
]

[[package]]
name = "winrt_gen_macros"
version = "0.7.0"
source = "registry+https://github.com/rust-lang/crates.io-index"
checksum = "78bee2d8e97c35a0a26fde56151a0e10fe0601f747c7364248dc5fd67b0d917f"
dependencies = [
 "proc-macro2",
 "quote",
 "syn",
]

[[package]]
name = "winrt_macros"
version = "0.7.0"
source = "registry+https://github.com/rust-lang/crates.io-index"
checksum = "fc78a0c7bce1d0bb669ceb8faf102c200cd7db14ff7b684a50f588ea6be257a8"
dependencies = [
 "proc-macro2",
 "quote",
 "syn",
 "winrt_gen",
]
